
Microsoft Visual Studio Solution File, Format Version 12.00
Project("{FAE04EC0-301F-11D3-BF4B-00C04F79EFBC}") = "DontStarveMod", "DontStarveMod\DontStarveMod.csproj", "{06CECD5D-EC16-4908-91FF-8390DE6BE741}"
EndProject
Global
	GlobalSection(SolutionConfigurationPlatforms) = preSolution
		Debug|Any CPU = Debug|Any CPU
		Release|Any CPU = Release|Any CPU
	EndGlobalSection
	GlobalSection(ProjectConfigurationPlatforms) = postSolution
		{06CECD5D-EC16-4908-91FF-8390DE6BE741}.Debug|Any CPU.ActiveCfg = Debug|Any CPU
		{06CECD5D-EC16-4908-91FF-8390DE6BE741}.Debug|Any CPU.Build.0 = Debug|Any CPU
		{06CECD5D-EC16-4908-91FF-8390DE6BE741}.Release|Any CPU.ActiveCfg = Release|Any CPU
		{06CECD5D-EC16-4908-91FF-8390DE6BE741}.Release|Any CPU.Build.0 = Release|Any CPU
	EndGlobalSection
EndGlobal
